// !$*UTF8*$!
{
	archiveVersion = 1;
	classes = {
	};
	objectVersion = 55;
	objects = {

/* Begin PBXBuildFile section */
		848D95C92735C5D000126072 /* DinnrApp.swift in Sources */ = {isa = PBXBuildFile; fileRef = 848D95C82735C5D000126072 /* DinnrApp.swift */; };
		848D95CD2735C5D100126072 /* Assets.xcassets in Resources */ = {isa = PBXBuildFile; fileRef = 848D95CC2735C5D100126072 /* Assets.xcassets */; };
		848D95D02735C5D100126072 /* Preview Assets.xcassets in Resources */ = {isa = PBXBuildFile; fileRef = 848D95CF2735C5D100126072 /* Preview Assets.xcassets */; };
		848D95DA2735C5D100126072 /* DinnrTests.swift in Sources */ = {isa = PBXBuildFile; fileRef = 848D95D92735C5D100126072 /* DinnrTests.swift */; };
		848D95E42735C5D100126072 /* DinnrUITests.swift in Sources */ = {isa = PBXBuildFile; fileRef = 848D95E32735C5D100126072 /* DinnrUITests.swift */; };
		848D95E62735C5D100126072 /* DinnrUITestsLaunchTests.swift in Sources */ = {isa = PBXBuildFile; fileRef = 848D95E52735C5D100126072 /* DinnrUITestsLaunchTests.swift */; };
		9D4EC0B52735CC2000A050A6 /* CreatePage.swift in Sources */ = {isa = PBXBuildFile; fileRef = 9D4EC0B42735CC2000A050A6 /* CreatePage.swift */; };
		9D4EC0B72735CE7100A050A6 /* IngredientView.swift in Sources */ = {isa = PBXBuildFile; fileRef = 9D4EC0B62735CE7100A050A6 /* IngredientView.swift */; };
		9D4EC0BA2735CF5D00A050A6 /* Recipe.swift in Sources */ = {isa = PBXBuildFile; fileRef = 9D4EC0B92735CF5D00A050A6 /* Recipe.swift */; };
		9D4EC0BC2735CF7C00A050A6 /* Ingredient.swift in Sources */ = {isa = PBXBuildFile; fileRef = 9D4EC0BB2735CF7C00A050A6 /* Ingredient.swift */; };
		9D4EC0BE2735CFAC00A050A6 /* Instruction.swift in Sources */ = {isa = PBXBuildFile; fileRef = 9D4EC0BD2735CFAC00A050A6 /* Instruction.swift */; };
		9D4EC0C02735D8EA00A050A6 /* AmountView.swift in Sources */ = {isa = PBXBuildFile; fileRef = 9D4EC0BF2735D8EA00A050A6 /* AmountView.swift */; };
		9D4EC0C22737118E00A050A6 /* IngredientSearchView.swift in Sources */ = {isa = PBXBuildFile; fileRef = 9D4EC0C12737118E00A050A6 /* IngredientSearchView.swift */; };
		848D95F92735CDA700126072 /* NetworkClient.swift in Sources */ = {isa = PBXBuildFile; fileRef = 848D95F82735CDA700126072 /* NetworkClient.swift */; };
		848D95FB2735CE7100126072 /* NetworkRequest.swift in Sources */ = {isa = PBXBuildFile; fileRef = 848D95FA2735CE7100126072 /* NetworkRequest.swift */; };
		848D95FD2735D46B00126072 /* HTTPMethod.swift in Sources */ = {isa = PBXBuildFile; fileRef = 848D95FC2735D46B00126072 /* HTTPMethod.swift */; };
		848D95FF2735D7E800126072 /* HTTPStatusCode.swift in Sources */ = {isa = PBXBuildFile; fileRef = 848D95FE2735D7E800126072 /* HTTPStatusCode.swift */; };
		84FC7269273619CC00618F1C /* RootPage.swift in Sources */ = {isa = PBXBuildFile; fileRef = 84FC7268273619CC00618F1C /* RootPage.swift */; };
		84FC726E27363CB500618F1C /* Section.swift in Sources */ = {isa = PBXBuildFile; fileRef = 84FC726D27363CB500618F1C /* Section.swift */; };
		84FC727227363F7900618F1C /* Localizable.strings in Resources */ = {isa = PBXBuildFile; fileRef = 84FC727427363F7900618F1C /* Localizable.strings */; };
		84FC72762736588900618F1C /* Sidebar.swift in Sources */ = {isa = PBXBuildFile; fileRef = 84FC72752736588900618F1C /* Sidebar.swift */; };
		84FC7278273660FA00618F1C /* TabBar.swift in Sources */ = {isa = PBXBuildFile; fileRef = 84FC7277273660FA00618F1C /* TabBar.swift */; };
		848D96022736020A00126072 /* PreviewDevice+Device.swift in Sources */ = {isa = PBXBuildFile; fileRef = 848D96012736020A00126072 /* PreviewDevice+Device.swift */; };
/* End PBXBuildFile section */

/* Begin PBXContainerItemProxy section */
		848D95D62735C5D100126072 /* PBXContainerItemProxy */ = {
			isa = PBXContainerItemProxy;
			containerPortal = 848D95BD2735C5D000126072 /* Project object */;
			proxyType = 1;
			remoteGlobalIDString = 848D95C42735C5D000126072;
			remoteInfo = Dinnr;
		};
		848D95E02735C5D100126072 /* PBXContainerItemProxy */ = {
			isa = PBXContainerItemProxy;
			containerPortal = 848D95BD2735C5D000126072 /* Project object */;
			proxyType = 1;
			remoteGlobalIDString = 848D95C42735C5D000126072;
			remoteInfo = Dinnr;
		};
/* End PBXContainerItemProxy section */

/* Begin PBXFileReference section */
		848D95C52735C5D000126072 /* Dinnr.app */ = {isa = PBXFileReference; explicitFileType = wrapper.application; includeInIndex = 0; path = Dinnr.app; sourceTree = BUILT_PRODUCTS_DIR; };
		848D95C82735C5D000126072 /* DinnrApp.swift */ = {isa = PBXFileReference; lastKnownFileType = sourcecode.swift; path = DinnrApp.swift; sourceTree = "<group>"; };
		848D95CC2735C5D100126072 /* Assets.xcassets */ = {isa = PBXFileReference; lastKnownFileType = folder.assetcatalog; path = Assets.xcassets; sourceTree = "<group>"; };
		848D95CF2735C5D100126072 /* Preview Assets.xcassets */ = {isa = PBXFileReference; lastKnownFileType = folder.assetcatalog; path = "Preview Assets.xcassets"; sourceTree = "<group>"; };
		848D95D52735C5D100126072 /* DinnrTests.xctest */ = {isa = PBXFileReference; explicitFileType = wrapper.cfbundle; includeInIndex = 0; path = DinnrTests.xctest; sourceTree = BUILT_PRODUCTS_DIR; };
		848D95D92735C5D100126072 /* DinnrTests.swift */ = {isa = PBXFileReference; lastKnownFileType = sourcecode.swift; path = DinnrTests.swift; sourceTree = "<group>"; };
		848D95DF2735C5D100126072 /* DinnrUITests.xctest */ = {isa = PBXFileReference; explicitFileType = wrapper.cfbundle; includeInIndex = 0; path = DinnrUITests.xctest; sourceTree = BUILT_PRODUCTS_DIR; };
		848D95E32735C5D100126072 /* DinnrUITests.swift */ = {isa = PBXFileReference; lastKnownFileType = sourcecode.swift; path = DinnrUITests.swift; sourceTree = "<group>"; };
		848D95E52735C5D100126072 /* DinnrUITestsLaunchTests.swift */ = {isa = PBXFileReference; lastKnownFileType = sourcecode.swift; path = DinnrUITestsLaunchTests.swift; sourceTree = "<group>"; };
		848D95F82735CDA700126072 /* NetworkClient.swift */ = {isa = PBXFileReference; lastKnownFileType = sourcecode.swift; path = NetworkClient.swift; sourceTree = "<group>"; };
		848D95FA2735CE7100126072 /* NetworkRequest.swift */ = {isa = PBXFileReference; lastKnownFileType = sourcecode.swift; path = NetworkRequest.swift; sourceTree = "<group>"; };
		848D95FC2735D46B00126072 /* HTTPMethod.swift */ = {isa = PBXFileReference; lastKnownFileType = sourcecode.swift; path = HTTPMethod.swift; sourceTree = "<group>"; };
		848D95FE2735D7E800126072 /* HTTPStatusCode.swift */ = {isa = PBXFileReference; lastKnownFileType = sourcecode.swift; path = HTTPStatusCode.swift; sourceTree = "<group>"; };
		84FC7268273619CC00618F1C /* RootPage.swift */ = {isa = PBXFileReference; lastKnownFileType = sourcecode.swift; path = RootPage.swift; sourceTree = "<group>"; };
		84FC726D27363CB500618F1C /* Section.swift */ = {isa = PBXFileReference; lastKnownFileType = sourcecode.swift; path = Section.swift; sourceTree = "<group>"; };
		84FC727327363F7900618F1C /* en */ = {isa = PBXFileReference; lastKnownFileType = text.plist.strings; name = en; path = en.lproj/Localizable.strings; sourceTree = "<group>"; };
		84FC72752736588900618F1C /* Sidebar.swift */ = {isa = PBXFileReference; lastKnownFileType = sourcecode.swift; path = Sidebar.swift; sourceTree = "<group>"; };
		84FC7277273660FA00618F1C /* TabBar.swift */ = {isa = PBXFileReference; lastKnownFileType = sourcecode.swift; path = TabBar.swift; sourceTree = "<group>"; };
		848D96012736020A00126072 /* PreviewDevice+Device.swift */ = {isa = PBXFileReference; lastKnownFileType = sourcecode.swift; path = "PreviewDevice+Device.swift"; sourceTree = "<group>"; };
		9D4EC0B42735CC2000A050A6 /* CreatePage.swift */ = {isa = PBXFileReference; lastKnownFileType = sourcecode.swift; path = CreatePage.swift; sourceTree = "<group>"; };
		9D4EC0B62735CE7100A050A6 /* IngredientView.swift */ = {isa = PBXFileReference; lastKnownFileType = sourcecode.swift; path = IngredientView.swift; sourceTree = "<group>"; };
		9D4EC0B92735CF5D00A050A6 /* Recipe.swift */ = {isa = PBXFileReference; lastKnownFileType = sourcecode.swift; path = Recipe.swift; sourceTree = "<group>"; };
		9D4EC0BB2735CF7C00A050A6 /* Ingredient.swift */ = {isa = PBXFileReference; lastKnownFileType = sourcecode.swift; path = Ingredient.swift; sourceTree = "<group>"; };
		9D4EC0BD2735CFAC00A050A6 /* Instruction.swift */ = {isa = PBXFileReference; lastKnownFileType = sourcecode.swift; path = Instruction.swift; sourceTree = "<group>"; };
		9D4EC0BF2735D8EA00A050A6 /* AmountView.swift */ = {isa = PBXFileReference; lastKnownFileType = sourcecode.swift; path = AmountView.swift; sourceTree = "<group>"; };
		9D4EC0C12737118E00A050A6 /* IngredientSearchView.swift */ = {isa = PBXFileReference; lastKnownFileType = sourcecode.swift; path = IngredientSearchView.swift; sourceTree = "<group>"; };
		848D95F82735CDA700126072 /* NetworkClient.swift */ = {isa = PBXFileReference; lastKnownFileType = sourcecode.swift; path = NetworkClient.swift; sourceTree = "<group>"; };
		848D95FA2735CE7100126072 /* NetworkRequest.swift */ = {isa = PBXFileReference; lastKnownFileType = sourcecode.swift; path = NetworkRequest.swift; sourceTree = "<group>"; };
		848D95FC2735D46B00126072 /* HTTPMethod.swift */ = {isa = PBXFileReference; lastKnownFileType = sourcecode.swift; path = HTTPMethod.swift; sourceTree = "<group>"; };
		848D95FE2735D7E800126072 /* HTTPStatusCode.swift */ = {isa = PBXFileReference; lastKnownFileType = sourcecode.swift; path = HTTPStatusCode.swift; sourceTree = "<group>"; };
/* End PBXFileReference section */

/* Begin PBXFrameworksBuildPhase section */
		848D95C22735C5D000126072 /* Frameworks */ = {
			isa = PBXFrameworksBuildPhase;
			buildActionMask = 2147483647;
			files = (
			);
			runOnlyForDeploymentPostprocessing = 0;
		};
		848D95D22735C5D100126072 /* Frameworks */ = {
			isa = PBXFrameworksBuildPhase;
			buildActionMask = 2147483647;
			files = (
			);
			runOnlyForDeploymentPostprocessing = 0;
		};
		848D95DC2735C5D100126072 /* Frameworks */ = {
			isa = PBXFrameworksBuildPhase;
			buildActionMask = 2147483647;
			files = (
			);
			runOnlyForDeploymentPostprocessing = 0;
		};
/* End PBXFrameworksBuildPhase section */

/* Begin PBXGroup section */
		848D95BC2735C5D000126072 = {
			isa = PBXGroup;
			children = (
				848D95C72735C5D000126072 /* Dinnr */,
				848D95D82735C5D100126072 /* DinnrTests */,
				848D95E22735C5D100126072 /* DinnrUITests */,
				848D95C62735C5D000126072 /* Products */,
			);
			sourceTree = "<group>";
		};
		848D95C62735C5D000126072 /* Products */ = {
			isa = PBXGroup;
			children = (
				848D95C52735C5D000126072 /* Dinnr.app */,
				848D95D52735C5D100126072 /* DinnrTests.xctest */,
				848D95DF2735C5D100126072 /* DinnrUITests.xctest */,
			);
			name = Products;
			sourceTree = "<group>";
		};
		848D95C72735C5D000126072 /* Dinnr */ = {
			isa = PBXGroup;
			children = (
				84FC726F27363F5500618F1C /* Resources */,
				84FC72642736193D00618F1C /* Core */,
				848D9600273601F000126072 /* Common */,
				9D4EC0B82735CF3B00A050A6 /* Models */,
				848D95F72735CD9000126072 /* Networking */,
				848D95C82735C5D000126072 /* DinnrApp.swift */,
				9D4EC0AF2735CB4000A050A6 /* Browse */,
				9D4EC0B02735CB6700A050A6 /* Create */,
				848D95CE2735C5D100126072 /* Preview Content */,
				9D4EC0B12735CB7800A050A6 /* Settings */,
			);
			path = Dinnr;
			sourceTree = "<group>";
		};
		848D95CE2735C5D100126072 /* Preview Content */ = {
			isa = PBXGroup;
			children = (
				848D95CF2735C5D100126072 /* Preview Assets.xcassets */,
			);
			path = "Preview Content";
			sourceTree = "<group>";
		};
		848D95D82735C5D100126072 /* DinnrTests */ = {
			isa = PBXGroup;
			children = (
				848D95D92735C5D100126072 /* DinnrTests.swift */,
			);
			path = DinnrTests;
			sourceTree = "<group>";
		};
		848D95E22735C5D100126072 /* DinnrUITests */ = {
			isa = PBXGroup;
			children = (
				848D95E32735C5D100126072 /* DinnrUITests.swift */,
				848D95E52735C5D100126072 /* DinnrUITestsLaunchTests.swift */,
			);
			path = DinnrUITests;
			sourceTree = "<group>";
		};
		848D95F72735CD9000126072 /* Networking */ = {
			isa = PBXGroup;
			children = (
				848D95F82735CDA700126072 /* NetworkClient.swift */,
				848D95FA2735CE7100126072 /* NetworkRequest.swift */,
				848D95FC2735D46B00126072 /* HTTPMethod.swift */,
				848D95FE2735D7E800126072 /* HTTPStatusCode.swift */,
			);
			path = Networking;
			sourceTree = "<group>";
		};
		84FC72642736193D00618F1C /* Core */ = {
			isa = PBXGroup;
			children = (
				84FC726A27361EEE00618F1C /* Manager */,
				84FC72672736196800618F1C /* View Model */,
				84FC72662736195B00618F1C /* View */,
				84FC72652736194300618F1C /* Model */,
			);
			path = Core;
			sourceTree = "<group>";
		};
		84FC72652736194300618F1C /* Model */ = {
			isa = PBXGroup;
			children = (
				84FC726D27363CB500618F1C /* Section.swift */,
			);
			path = Model;
			sourceTree = "<group>";
		};
		84FC72662736195B00618F1C /* View */ = {
			isa = PBXGroup;
			children = (
				84FC7268273619CC00618F1C /* RootPage.swift */,
				84FC72752736588900618F1C /* Sidebar.swift */,
				84FC7277273660FA00618F1C /* TabBar.swift */,
			);
			path = View;
			sourceTree = "<group>";
		};
		84FC72672736196800618F1C /* View Model */ = {
			isa = PBXGroup;
			children = (
			);
			path = "View Model";
			sourceTree = "<group>";
		};
		84FC726A27361EEE00618F1C /* Manager */ = {
			isa = PBXGroup;
			children = (
			);
			path = Manager;
			sourceTree = "<group>";
		};
		84FC726F27363F5500618F1C /* Resources */ = {
			isa = PBXGroup;
			children = (
				848D95CC2735C5D100126072 /* Assets.xcassets */,
				84FC727427363F7900618F1C /* Localizable.strings */,
			);
			path = Resources;
			sourceTree = "<group>";
		};
		848D9600273601F000126072 /* Common */ = {
			isa = PBXGroup;
			children = (
				848D96012736020A00126072 /* PreviewDevice+Device.swift */,
			);
			path = Common;
			sourceTree = "<group>";
		};
		9D4EC0AF2735CB4000A050A6 /* Browse */ = {
			isa = PBXGroup;
			children = (
			);
			path = Browse;
			sourceTree = "<group>";
		};
		9D4EC0B02735CB6700A050A6 /* Create */ = {
			isa = PBXGroup;
			children = (
				9D4EC0B42735CC2000A050A6 /* CreatePage.swift */,
				9D4EC0B62735CE7100A050A6 /* IngredientView.swift */,
				9D4EC0BF2735D8EA00A050A6 /* AmountView.swift */,
				9D4EC0C12737118E00A050A6 /* IngredientSearchView.swift */,
			);
			path = Create;
			sourceTree = "<group>";
		};
		9D4EC0B12735CB7800A050A6 /* Settings */ = {
			isa = PBXGroup;
			children = (
			);
			path = Settings;
			sourceTree = "<group>";
		};
		9D4EC0B82735CF3B00A050A6 /* Models */ = {
			isa = PBXGroup;
			children = (
				9D4EC0B92735CF5D00A050A6 /* Recipe.swift */,
				9D4EC0BB2735CF7C00A050A6 /* Ingredient.swift */,
				9D4EC0BD2735CFAC00A050A6 /* Instruction.swift */,
			);
			path = Models;
			sourceTree = "<group>";
		};
/* End PBXGroup section */

/* Begin PBXNativeTarget section */
		848D95C42735C5D000126072 /* Dinnr */ = {
			isa = PBXNativeTarget;
			buildConfigurationList = 848D95E92735C5D100126072 /* Build configuration list for PBXNativeTarget "Dinnr" */;
			buildPhases = (
				848D95C12735C5D000126072 /* Sources */,
				848D95C22735C5D000126072 /* Frameworks */,
				848D95C32735C5D000126072 /* Resources */,
				848D95F62735C90500126072 /* Run Swiftlint */,
			);
			buildRules = (
			);
			dependencies = (
			);
			name = Dinnr;
			productName = Dinnr;
			productReference = 848D95C52735C5D000126072 /* Dinnr.app */;
			productType = "com.apple.product-type.application";
		};
		848D95D42735C5D100126072 /* DinnrTests */ = {
			isa = PBXNativeTarget;
			buildConfigurationList = 848D95EC2735C5D100126072 /* Build configuration list for PBXNativeTarget "DinnrTests" */;
			buildPhases = (
				848D95D12735C5D100126072 /* Sources */,
				848D95D22735C5D100126072 /* Frameworks */,
				848D95D32735C5D100126072 /* Resources */,
			);
			buildRules = (
			);
			dependencies = (
				848D95D72735C5D100126072 /* PBXTargetDependency */,
			);
			name = DinnrTests;
			productName = DinnrTests;
			productReference = 848D95D52735C5D100126072 /* DinnrTests.xctest */;
			productType = "com.apple.product-type.bundle.unit-test";
		};
		848D95DE2735C5D100126072 /* DinnrUITests */ = {
			isa = PBXNativeTarget;
			buildConfigurationList = 848D95EF2735C5D100126072 /* Build configuration list for PBXNativeTarget "DinnrUITests" */;
			buildPhases = (
				848D95DB2735C5D100126072 /* Sources */,
				848D95DC2735C5D100126072 /* Frameworks */,
				848D95DD2735C5D100126072 /* Resources */,
			);
			buildRules = (
			);
			dependencies = (
				848D95E12735C5D100126072 /* PBXTargetDependency */,
			);
			name = DinnrUITests;
			productName = DinnrUITests;
			productReference = 848D95DF2735C5D100126072 /* DinnrUITests.xctest */;
			productType = "com.apple.product-type.bundle.ui-testing";
		};
/* End PBXNativeTarget section */

/* Begin PBXProject section */
		848D95BD2735C5D000126072 /* Project object */ = {
			isa = PBXProject;
			attributes = {
				BuildIndependentTargetsInParallel = 1;
				LastSwiftUpdateCheck = 1310;
				LastUpgradeCheck = 1310;
				TargetAttributes = {
					848D95C42735C5D000126072 = {
						CreatedOnToolsVersion = 13.1;
					};
					848D95D42735C5D100126072 = {
						CreatedOnToolsVersion = 13.1;
						TestTargetID = 848D95C42735C5D000126072;
					};
					848D95DE2735C5D100126072 = {
						CreatedOnToolsVersion = 13.1;
						TestTargetID = 848D95C42735C5D000126072;
					};
				};
			};
			buildConfigurationList = 848D95C02735C5D000126072 /* Build configuration list for PBXProject "Dinnr" */;
			compatibilityVersion = "Xcode 13.0";
			developmentRegion = en;
			hasScannedForEncodings = 0;
			knownRegions = (
				en,
				Base,
			);
			mainGroup = 848D95BC2735C5D000126072;
			productRefGroup = 848D95C62735C5D000126072 /* Products */;
			projectDirPath = "";
			projectRoot = "";
			targets = (
				848D95C42735C5D000126072 /* Dinnr */,
				848D95D42735C5D100126072 /* DinnrTests */,
				848D95DE2735C5D100126072 /* DinnrUITests */,
			);
		};
/* End PBXProject section */

/* Begin PBXResourcesBuildPhase section */
		848D95C32735C5D000126072 /* Resources */ = {
			isa = PBXResourcesBuildPhase;
			buildActionMask = 2147483647;
			files = (
				848D95D02735C5D100126072 /* Preview Assets.xcassets in Resources */,
				84FC727227363F7900618F1C /* Localizable.strings in Resources */,
				848D95CD2735C5D100126072 /* Assets.xcassets in Resources */,
			);
			runOnlyForDeploymentPostprocessing = 0;
		};
		848D95D32735C5D100126072 /* Resources */ = {
			isa = PBXResourcesBuildPhase;
			buildActionMask = 2147483647;
			files = (
			);
			runOnlyForDeploymentPostprocessing = 0;
		};
		848D95DD2735C5D100126072 /* Resources */ = {
			isa = PBXResourcesBuildPhase;
			buildActionMask = 2147483647;
			files = (
			);
			runOnlyForDeploymentPostprocessing = 0;
		};
/* End PBXResourcesBuildPhase section */

/* Begin PBXShellScriptBuildPhase section */
		848D95F62735C90500126072 /* Run Swiftlint */ = {
			isa = PBXShellScriptBuildPhase;
			alwaysOutOfDate = 1;
			buildActionMask = 2147483647;
			files = (
			);
			inputFileListPaths = (
			);
			inputPaths = (
			);
			name = "Run Swiftlint";
			outputFileListPaths = (
			);
			outputPaths = (
			);
			runOnlyForDeploymentPostprocessing = 0;
			shellPath = /bin/sh;
			shellScript = "if test -d \"/opt/homebrew/bin/\"; then\n  PATH=\"/opt/homebrew/bin/:${PATH}\"\nfi\n\nexport PATH\n\nif which swiftlint >/dev/null; then\n  swiftlint --fix\n  swiftlint\nelse\n  echo \"warning: SwiftLint not installed, download from https://github.com/realm/SwiftLint\"\nfi\n";
		};
/* End PBXShellScriptBuildPhase section */

/* Begin PBXSourcesBuildPhase section */
		848D95C12735C5D000126072 /* Sources */ = {
			isa = PBXSourcesBuildPhase;
			buildActionMask = 2147483647;
			files = (
				9D4EC0C02735D8EA00A050A6 /* AmountView.swift in Sources */,
				9D4EC0BE2735CFAC00A050A6 /* Instruction.swift in Sources */,
				9D4EC0B72735CE7100A050A6 /* IngredientView.swift in Sources */,
				9D4EC0B52735CC2000A050A6 /* CreatePage.swift in Sources */,
				9D4EC0BC2735CF7C00A050A6 /* Ingredient.swift in Sources */,
				848D95C92735C5D000126072 /* DinnrApp.swift in Sources */,
				9D4EC0BA2735CF5D00A050A6 /* Recipe.swift in Sources */,
				9D4EC0C22737118E00A050A6 /* IngredientSearchView.swift in Sources */,
				84FC7278273660FA00618F1C /* TabBar.swift in Sources */,
				848D95FF2735D7E800126072 /* HTTPStatusCode.swift in Sources */,
				84FC726E27363CB500618F1C /* Section.swift in Sources */,
				84FC72762736588900618F1C /* Sidebar.swift in Sources */,
				848D95C92735C5D000126072 /* DinnrApp.swift in Sources */,
				84FC7269273619CC00618F1C /* RootPage.swift in Sources */,
				848D95FB2735CE7100126072 /* NetworkRequest.swift in Sources */,
				848D96022736020A00126072 /* PreviewDevice+Device.swift in Sources */,
				848D95FD2735D46B00126072 /* HTTPMethod.swift in Sources */,
				848D95F92735CDA700126072 /* NetworkClient.swift in Sources */,
			);
			runOnlyForDeploymentPostprocessing = 0;
		};
		848D95D12735C5D100126072 /* Sources */ = {
			isa = PBXSourcesBuildPhase;
			buildActionMask = 2147483647;
			files = (
				848D95DA2735C5D100126072 /* DinnrTests.swift in Sources */,
			);
			runOnlyForDeploymentPostprocessing = 0;
		};
		848D95DB2735C5D100126072 /* Sources */ = {
			isa = PBXSourcesBuildPhase;
			buildActionMask = 2147483647;
			files = (
				848D95E62735C5D100126072 /* DinnrUITestsLaunchTests.swift in Sources */,
				848D95E42735C5D100126072 /* DinnrUITests.swift in Sources */,
			);
			runOnlyForDeploymentPostprocessing = 0;
		};
/* End PBXSourcesBuildPhase section */

/* Begin PBXTargetDependency section */
		848D95D72735C5D100126072 /* PBXTargetDependency */ = {
			isa = PBXTargetDependency;
			target = 848D95C42735C5D000126072 /* Dinnr */;
			targetProxy = 848D95D62735C5D100126072 /* PBXContainerItemProxy */;
		};
		848D95E12735C5D100126072 /* PBXTargetDependency */ = {
			isa = PBXTargetDependency;
			target = 848D95C42735C5D000126072 /* Dinnr */;
			targetProxy = 848D95E02735C5D100126072 /* PBXContainerItemProxy */;
		};
/* End PBXTargetDependency section */

/* Begin PBXVariantGroup section */
		84FC727427363F7900618F1C /* Localizable.strings */ = {
			isa = PBXVariantGroup;
			children = (
				84FC727327363F7900618F1C /* en */,
			);
			name = Localizable.strings;
			sourceTree = "<group>";
		};
/* End PBXVariantGroup section */

/* Begin XCBuildConfiguration section */
		848D95E72735C5D100126072 /* Debug */ = {
			isa = XCBuildConfiguration;
			buildSettings = {
				ALWAYS_SEARCH_USER_PATHS = NO;
				CLANG_ANALYZER_NONNULL = YES;
				CLANG_ANALYZER_NUMBER_OBJECT_CONVERSION = YES_AGGRESSIVE;
				CLANG_CXX_LANGUAGE_STANDARD = "gnu++17";
				CLANG_CXX_LIBRARY = "libc++";
				CLANG_ENABLE_MODULES = YES;
				CLANG_ENABLE_OBJC_ARC = YES;
				CLANG_ENABLE_OBJC_WEAK = YES;
				CLANG_WARN_BLOCK_CAPTURE_AUTORELEASING = YES;
				CLANG_WARN_BOOL_CONVERSION = YES;
				CLANG_WARN_COMMA = YES;
				CLANG_WARN_CONSTANT_CONVERSION = YES;
				CLANG_WARN_DEPRECATED_OBJC_IMPLEMENTATIONS = YES;
				CLANG_WARN_DIRECT_OBJC_ISA_USAGE = YES_ERROR;
				CLANG_WARN_DOCUMENTATION_COMMENTS = YES;
				CLANG_WARN_EMPTY_BODY = YES;
				CLANG_WARN_ENUM_CONVERSION = YES;
				CLANG_WARN_INFINITE_RECURSION = YES;
				CLANG_WARN_INT_CONVERSION = YES;
				CLANG_WARN_NON_LITERAL_NULL_CONVERSION = YES;
				CLANG_WARN_OBJC_IMPLICIT_RETAIN_SELF = YES;
				CLANG_WARN_OBJC_LITERAL_CONVERSION = YES;
				CLANG_WARN_OBJC_ROOT_CLASS = YES_ERROR;
				CLANG_WARN_QUOTED_INCLUDE_IN_FRAMEWORK_HEADER = YES;
				CLANG_WARN_RANGE_LOOP_ANALYSIS = YES;
				CLANG_WARN_STRICT_PROTOTYPES = YES;
				CLANG_WARN_SUSPICIOUS_MOVE = YES;
				CLANG_WARN_UNGUARDED_AVAILABILITY = YES_AGGRESSIVE;
				CLANG_WARN_UNREACHABLE_CODE = YES;
				CLANG_WARN__DUPLICATE_METHOD_MATCH = YES;
				COPY_PHASE_STRIP = NO;
				DEBUG_INFORMATION_FORMAT = dwarf;
				ENABLE_STRICT_OBJC_MSGSEND = YES;
				ENABLE_TESTABILITY = YES;
				GCC_C_LANGUAGE_STANDARD = gnu11;
				GCC_DYNAMIC_NO_PIC = NO;
				GCC_NO_COMMON_BLOCKS = YES;
				GCC_OPTIMIZATION_LEVEL = 0;
				GCC_PREPROCESSOR_DEFINITIONS = (
					"DEBUG=1",
					"$(inherited)",
				);
				GCC_WARN_64_TO_32_BIT_CONVERSION = YES;
				GCC_WARN_ABOUT_RETURN_TYPE = YES_ERROR;
				GCC_WARN_UNDECLARED_SELECTOR = YES;
				GCC_WARN_UNINITIALIZED_AUTOS = YES_AGGRESSIVE;
				GCC_WARN_UNUSED_FUNCTION = YES;
				GCC_WARN_UNUSED_VARIABLE = YES;
				IPHONEOS_DEPLOYMENT_TARGET = 15.0;
				MTL_ENABLE_DEBUG_INFO = INCLUDE_SOURCE;
				MTL_FAST_MATH = YES;
				ONLY_ACTIVE_ARCH = YES;
				SDKROOT = iphoneos;
				SWIFT_ACTIVE_COMPILATION_CONDITIONS = DEBUG;
				SWIFT_OPTIMIZATION_LEVEL = "-Onone";
			};
			name = Debug;
		};
		848D95E82735C5D100126072 /* Release */ = {
			isa = XCBuildConfiguration;
			buildSettings = {
				ALWAYS_SEARCH_USER_PATHS = NO;
				CLANG_ANALYZER_NONNULL = YES;
				CLANG_ANALYZER_NUMBER_OBJECT_CONVERSION = YES_AGGRESSIVE;
				CLANG_CXX_LANGUAGE_STANDARD = "gnu++17";
				CLANG_CXX_LIBRARY = "libc++";
				CLANG_ENABLE_MODULES = YES;
				CLANG_ENABLE_OBJC_ARC = YES;
				CLANG_ENABLE_OBJC_WEAK = YES;
				CLANG_WARN_BLOCK_CAPTURE_AUTORELEASING = YES;
				CLANG_WARN_BOOL_CONVERSION = YES;
				CLANG_WARN_COMMA = YES;
				CLANG_WARN_CONSTANT_CONVERSION = YES;
				CLANG_WARN_DEPRECATED_OBJC_IMPLEMENTATIONS = YES;
				CLANG_WARN_DIRECT_OBJC_ISA_USAGE = YES_ERROR;
				CLANG_WARN_DOCUMENTATION_COMMENTS = YES;
				CLANG_WARN_EMPTY_BODY = YES;
				CLANG_WARN_ENUM_CONVERSION = YES;
				CLANG_WARN_INFINITE_RECURSION = YES;
				CLANG_WARN_INT_CONVERSION = YES;
				CLANG_WARN_NON_LITERAL_NULL_CONVERSION = YES;
				CLANG_WARN_OBJC_IMPLICIT_RETAIN_SELF = YES;
				CLANG_WARN_OBJC_LITERAL_CONVERSION = YES;
				CLANG_WARN_OBJC_ROOT_CLASS = YES_ERROR;
				CLANG_WARN_QUOTED_INCLUDE_IN_FRAMEWORK_HEADER = YES;
				CLANG_WARN_RANGE_LOOP_ANALYSIS = YES;
				CLANG_WARN_STRICT_PROTOTYPES = YES;
				CLANG_WARN_SUSPICIOUS_MOVE = YES;
				CLANG_WARN_UNGUARDED_AVAILABILITY = YES_AGGRESSIVE;
				CLANG_WARN_UNREACHABLE_CODE = YES;
				CLANG_WARN__DUPLICATE_METHOD_MATCH = YES;
				COPY_PHASE_STRIP = NO;
				DEBUG_INFORMATION_FORMAT = "dwarf-with-dsym";
				ENABLE_NS_ASSERTIONS = NO;
				ENABLE_STRICT_OBJC_MSGSEND = YES;
				GCC_C_LANGUAGE_STANDARD = gnu11;
				GCC_NO_COMMON_BLOCKS = YES;
				GCC_WARN_64_TO_32_BIT_CONVERSION = YES;
				GCC_WARN_ABOUT_RETURN_TYPE = YES_ERROR;
				GCC_WARN_UNDECLARED_SELECTOR = YES;
				GCC_WARN_UNINITIALIZED_AUTOS = YES_AGGRESSIVE;
				GCC_WARN_UNUSED_FUNCTION = YES;
				GCC_WARN_UNUSED_VARIABLE = YES;
				IPHONEOS_DEPLOYMENT_TARGET = 15.0;
				MTL_ENABLE_DEBUG_INFO = NO;
				MTL_FAST_MATH = YES;
				SDKROOT = iphoneos;
				SWIFT_COMPILATION_MODE = wholemodule;
				SWIFT_OPTIMIZATION_LEVEL = "-O";
				VALIDATE_PRODUCT = YES;
			};
			name = Release;
		};
		848D95EA2735C5D100126072 /* Debug */ = {
			isa = XCBuildConfiguration;
			buildSettings = {
				ASSETCATALOG_COMPILER_APPICON_NAME = AppIcon;
				ASSETCATALOG_COMPILER_GLOBAL_ACCENT_COLOR_NAME = AccentColor;
				CODE_SIGN_STYLE = Automatic;
				CURRENT_PROJECT_VERSION = 1;
				DEVELOPMENT_ASSET_PATHS = "\"Dinnr/Preview Content\"";
				DEVELOPMENT_TEAM = 7QBM44JQ8H;
				ENABLE_PREVIEWS = YES;
				GENERATE_INFOPLIST_FILE = YES;
				INFOPLIST_KEY_UIApplicationSceneManifest_Generation = YES;
				INFOPLIST_KEY_UIApplicationSupportsIndirectInputEvents = YES;
				INFOPLIST_KEY_UILaunchScreen_Generation = YES;
				INFOPLIST_KEY_UISupportedInterfaceOrientations_iPad = "UIInterfaceOrientationPortrait UIInterfaceOrientationPortraitUpsideDown UIInterfaceOrientationLandscapeLeft UIInterfaceOrientationLandscapeRight";
				INFOPLIST_KEY_UISupportedInterfaceOrientations_iPhone = "UIInterfaceOrientationPortrait UIInterfaceOrientationLandscapeLeft UIInterfaceOrientationLandscapeRight";
				LD_RUNPATH_SEARCH_PATHS = (
					"$(inherited)",
					"@executable_path/Frameworks",
				);
				MARKETING_VERSION = 1.0;
				PRODUCT_BUNDLE_IDENTIFIER = com.codingcouch.Dinnr;
				PRODUCT_NAME = "$(TARGET_NAME)";
				SWIFT_EMIT_LOC_STRINGS = YES;
				SWIFT_VERSION = 5.0;
				TARGETED_DEVICE_FAMILY = "1,2";
			};
			name = Debug;
		};
		848D95EB2735C5D100126072 /* Release */ = {
			isa = XCBuildConfiguration;
			buildSettings = {
				ASSETCATALOG_COMPILER_APPICON_NAME = AppIcon;
				ASSETCATALOG_COMPILER_GLOBAL_ACCENT_COLOR_NAME = AccentColor;
				CODE_SIGN_STYLE = Automatic;
				CURRENT_PROJECT_VERSION = 1;
				DEVELOPMENT_ASSET_PATHS = "\"Dinnr/Preview Content\"";
				DEVELOPMENT_TEAM = 7QBM44JQ8H;
				ENABLE_PREVIEWS = YES;
				GENERATE_INFOPLIST_FILE = YES;
				INFOPLIST_KEY_UIApplicationSceneManifest_Generation = YES;
				INFOPLIST_KEY_UIApplicationSupportsIndirectInputEvents = YES;
				INFOPLIST_KEY_UILaunchScreen_Generation = YES;
				INFOPLIST_KEY_UISupportedInterfaceOrientations_iPad = "UIInterfaceOrientationPortrait UIInterfaceOrientationPortraitUpsideDown UIInterfaceOrientationLandscapeLeft UIInterfaceOrientationLandscapeRight";
				INFOPLIST_KEY_UISupportedInterfaceOrientations_iPhone = "UIInterfaceOrientationPortrait UIInterfaceOrientationLandscapeLeft UIInterfaceOrientationLandscapeRight";
				LD_RUNPATH_SEARCH_PATHS = (
					"$(inherited)",
					"@executable_path/Frameworks",
				);
				MARKETING_VERSION = 1.0;
				PRODUCT_BUNDLE_IDENTIFIER = com.codingcouch.Dinnr;
				PRODUCT_NAME = "$(TARGET_NAME)";
				SWIFT_EMIT_LOC_STRINGS = YES;
				SWIFT_VERSION = 5.0;
				TARGETED_DEVICE_FAMILY = "1,2";
			};
			name = Release;
		};
		848D95ED2735C5D100126072 /* Debug */ = {
			isa = XCBuildConfiguration;
			buildSettings = {
				ALWAYS_EMBED_SWIFT_STANDARD_LIBRARIES = YES;
				BUNDLE_LOADER = "$(TEST_HOST)";
				CODE_SIGN_STYLE = Automatic;
				CURRENT_PROJECT_VERSION = 1;
				DEVELOPMENT_TEAM = M5MTT5YDN9;
				GENERATE_INFOPLIST_FILE = YES;
				IPHONEOS_DEPLOYMENT_TARGET = 15.0;
				LD_RUNPATH_SEARCH_PATHS = (
					"$(inherited)",
					"@executable_path/Frameworks",
					"@loader_path/Frameworks",
				);
				MARKETING_VERSION = 1.0;
				PRODUCT_BUNDLE_IDENTIFIER = com.codingcouch.DinnrTests;
				PRODUCT_NAME = "$(TARGET_NAME)";
				SWIFT_EMIT_LOC_STRINGS = NO;
				SWIFT_VERSION = 5.0;
				TARGETED_DEVICE_FAMILY = "1,2";
				TEST_HOST = "$(BUILT_PRODUCTS_DIR)/Dinnr.app/Dinnr";
			};
			name = Debug;
		};
		848D95EE2735C5D100126072 /* Release */ = {
			isa = XCBuildConfiguration;
			buildSettings = {
				ALWAYS_EMBED_SWIFT_STANDARD_LIBRARIES = YES;
				BUNDLE_LOADER = "$(TEST_HOST)";
				CODE_SIGN_STYLE = Automatic;
				CURRENT_PROJECT_VERSION = 1;
				DEVELOPMENT_TEAM = M5MTT5YDN9;
				GENERATE_INFOPLIST_FILE = YES;
				IPHONEOS_DEPLOYMENT_TARGET = 15.0;
				LD_RUNPATH_SEARCH_PATHS = (
					"$(inherited)",
					"@executable_path/Frameworks",
					"@loader_path/Frameworks",
				);
				MARKETING_VERSION = 1.0;
				PRODUCT_BUNDLE_IDENTIFIER = com.codingcouch.DinnrTests;
				PRODUCT_NAME = "$(TARGET_NAME)";
				SWIFT_EMIT_LOC_STRINGS = NO;
				SWIFT_VERSION = 5.0;
				TARGETED_DEVICE_FAMILY = "1,2";
				TEST_HOST = "$(BUILT_PRODUCTS_DIR)/Dinnr.app/Dinnr";
			};
			name = Release;
		};
		848D95F02735C5D100126072 /* Debug */ = {
			isa = XCBuildConfiguration;
			buildSettings = {
				ALWAYS_EMBED_SWIFT_STANDARD_LIBRARIES = YES;
				CODE_SIGN_STYLE = Automatic;
				CURRENT_PROJECT_VERSION = 1;
				DEVELOPMENT_TEAM = M5MTT5YDN9;
				GENERATE_INFOPLIST_FILE = YES;
				LD_RUNPATH_SEARCH_PATHS = (
					"$(inherited)",
					"@executable_path/Frameworks",
					"@loader_path/Frameworks",
				);
				MARKETING_VERSION = 1.0;
				PRODUCT_BUNDLE_IDENTIFIER = com.codingcouch.DinnrUITests;
				PRODUCT_NAME = "$(TARGET_NAME)";
				SWIFT_EMIT_LOC_STRINGS = NO;
				SWIFT_VERSION = 5.0;
				TARGETED_DEVICE_FAMILY = "1,2";
				TEST_TARGET_NAME = Dinnr;
			};
			name = Debug;
		};
		848D95F12735C5D100126072 /* Release */ = {
			isa = XCBuildConfiguration;
			buildSettings = {
				ALWAYS_EMBED_SWIFT_STANDARD_LIBRARIES = YES;
				CODE_SIGN_STYLE = Automatic;
				CURRENT_PROJECT_VERSION = 1;
				DEVELOPMENT_TEAM = M5MTT5YDN9;
				GENERATE_INFOPLIST_FILE = YES;
				LD_RUNPATH_SEARCH_PATHS = (
					"$(inherited)",
					"@executable_path/Frameworks",
					"@loader_path/Frameworks",
				);
				MARKETING_VERSION = 1.0;
				PRODUCT_BUNDLE_IDENTIFIER = com.codingcouch.DinnrUITests;
				PRODUCT_NAME = "$(TARGET_NAME)";
				SWIFT_EMIT_LOC_STRINGS = NO;
				SWIFT_VERSION = 5.0;
				TARGETED_DEVICE_FAMILY = "1,2";
				TEST_TARGET_NAME = Dinnr;
			};
			name = Release;
		};
/* End XCBuildConfiguration section */

/* Begin XCConfigurationList section */
		848D95C02735C5D000126072 /* Build configuration list for PBXProject "Dinnr" */ = {
			isa = XCConfigurationList;
			buildConfigurations = (
				848D95E72735C5D100126072 /* Debug */,
				848D95E82735C5D100126072 /* Release */,
			);
			defaultConfigurationIsVisible = 0;
			defaultConfigurationName = Release;
		};
		848D95E92735C5D100126072 /* Build configuration list for PBXNativeTarget "Dinnr" */ = {
			isa = XCConfigurationList;
			buildConfigurations = (
				848D95EA2735C5D100126072 /* Debug */,
				848D95EB2735C5D100126072 /* Release */,
			);
			defaultConfigurationIsVisible = 0;
			defaultConfigurationName = Release;
		};
		848D95EC2735C5D100126072 /* Build configuration list for PBXNativeTarget "DinnrTests" */ = {
			isa = XCConfigurationList;
			buildConfigurations = (
				848D95ED2735C5D100126072 /* Debug */,
				848D95EE2735C5D100126072 /* Release */,
			);
			defaultConfigurationIsVisible = 0;
			defaultConfigurationName = Release;
		};
		848D95EF2735C5D100126072 /* Build configuration list for PBXNativeTarget "DinnrUITests" */ = {
			isa = XCConfigurationList;
			buildConfigurations = (
				848D95F02735C5D100126072 /* Debug */,
				848D95F12735C5D100126072 /* Release */,
			);
			defaultConfigurationIsVisible = 0;
			defaultConfigurationName = Release;
		};
/* End XCConfigurationList section */
	};
	rootObject = 848D95BD2735C5D000126072 /* Project object */;
}
